
Microsoft Visual Studio Solution File, Format Version 12.00
Project("{FAE04EC0-301F-11D3-BF4B-00C04F79EFBC}") = "AspNetCoreExamples", "AspNetCoreExamples\AspNetCoreExamples.csproj", "{7F46AD50-73B0-4C58-8323-A02010A47C6E}"
EndProject
Global
	GlobalSection(SolutionConfigurationPlatforms) = preSolution
		Debug|Any CPU = Debug|Any CPU
		Release|Any CPU = Release|Any CPU
	EndGlobalSection
	GlobalSection(ProjectConfigurationPlatforms) = postSolution
		{7F46AD50-73B0-4C58-8323-A02010A47C6E}.Debug|Any CPU.ActiveCfg = Debug|Any CPU
		{7F46AD50-73B0-4C58-8323-A02010A47C6E}.Debug|Any CPU.Build.0 = Debug|Any CPU
		{7F46AD50-73B0-4C58-8323-A02010A47C6E}.Release|Any CPU.ActiveCfg = Release|Any CPU
		{7F46AD50-73B0-4C58-8323-A02010A47C6E}.Release|Any CPU.Build.0 = Release|Any CPU
	EndGlobalSection
EndGlobal
